{
    "_readme": [
        "This file locks the dependencies of your project to a known state",
        "Read more about it at https://getcomposer.org/doc/01-basic-usage.md#installing-dependencies",
        "This file is @generated automatically"
    ],
    "content-hash": "de24efef0d755f181a14ba325ad9c335",
    "packages": [
        {
            "name": "kaecyra/app-common",
            "version": "v1.1.6",
            "source": {
                "type": "git",
                "url": "https://github.com/kaecyra/app-common.git",
                "reference": "8dbcf70c575fb587614b45da8ec02d098e3e843b"
            },
            "dist": {
                "type": "zip",
                "url": "https://api.github.com/repos/kaecyra/app-common/zipball/8dbcf70c575fb587614b45da8ec02d098e3e843b",
                "reference": "8dbcf70c575fb587614b45da8ec02d098e3e843b",
                "shasum": ""
            },
            "require": {
                "php": ">=7.0",
                "psr/container": "^1.0",
                "psr/log": "~1.0"
            },
            "type": "library",
            "autoload": {
                "psr-4": {
                    "Kaecyra\\AppCommon\\": "src"
                },
                "files": [
                    "src/map/functions.general.php"
                ]
            },
            "notification-url": "https://packagist.org/downloads/",
            "license": [
                "MIT"
            ],
            "authors": [
                {
                    "name": "Tim Gunter",
                    "email": "tim@vanillaforums.com",
                    "homepage": "https://vanillaforums.com"
                }
            ],
            "description": "Common app base.",
            "homepage": "https://github.com/kaecyra/app-common",
            "keywords": [
                "app-common"
            ],
            "time": "2018-09-05T18:19:23+00:00"
        },
        {
            "name": "mariano/disque-php",
            "version": "2.0.3",
            "source": {
                "type": "git",
                "url": "https://github.com/mariano/disque-php.git",
                "reference": "33dcf6f59e7b39b76205dfc881dd7674731f01c2"
            },
            "dist": {
                "type": "zip",
                "url": "https://api.github.com/repos/mariano/disque-php/zipball/33dcf6f59e7b39b76205dfc881dd7674731f01c2",
                "reference": "33dcf6f59e7b39b76205dfc881dd7674731f01c2",
                "shasum": ""
            },
            "require": {
                "php": ">=5.5"
            },
            "require-dev": {
                "mockery/mockery": "0.9.*",
                "phpunit/phpunit": "~4.6",
                "scrutinizer/ocular": "~1.1"
            },
            "type": "library",
            "autoload": {
                "psr-4": {
                    "Disque\\": "src/"
                }
            },
            "notification-url": "https://packagist.org/downloads/",
            "license": [
                "MIT"
            ],
            "authors": [
                {
                    "name": "Mariano Iglesias",
                    "email": "mgiglesias@gmail.com",
                    "homepage": "http://marianoiglesias.com.ar"
                }
            ],
            "description": "PHP library for Disque, an in-memory, distributed job queue",
            "homepage": "https://github.com/mariano/disque-php",
            "keywords": [
                "disque",
                "job",
                "queue"
            ],
            "time": "2017-02-16T22:49:19+00:00"
        },
        {
            "name": "psr/container",
            "version": "dev-master",
            "source": {
                "type": "git",
                "url": "https://github.com/php-fig/container.git",
                "reference": "014d250daebff39eba15ba990eeb2a140798e77c"
            },
            "dist": {
                "type": "zip",
                "url": "https://api.github.com/repos/php-fig/container/zipball/014d250daebff39eba15ba990eeb2a140798e77c",
                "reference": "014d250daebff39eba15ba990eeb2a140798e77c",
                "shasum": ""
            },
            "require": {
                "php": ">=5.3.0"
            },
            "type": "library",
            "extra": {
                "branch-alias": {
                    "dev-master": "1.0.x-dev"
                }
            },
            "autoload": {
                "psr-4": {
                    "Psr\\Container\\": "src/"
                }
            },
            "notification-url": "https://packagist.org/downloads/",
            "license": [
                "MIT"
            ],
            "authors": [
                {
                    "name": "PHP-FIG",
                    "homepage": "http://www.php-fig.org/"
                }
            ],
            "description": "Common Container Interface (PHP FIG PSR-11)",
            "homepage": "https://github.com/php-fig/container",
            "keywords": [
                "PSR-11",
                "container",
                "container-interface",
                "container-interop",
                "psr"
            ],
            "time": "2018-12-29T15:36:03+00:00"
        },
        {
            "name": "psr/log",
            "version": "dev-master",
            "source": {
                "type": "git",
                "url": "https://github.com/php-fig/log.git",
                "reference": "c4421fcac1edd5a324fda73e589a5cf96e52ffd0"
            },
            "dist": {
                "type": "zip",
                "url": "https://api.github.com/repos/php-fig/log/zipball/c4421fcac1edd5a324fda73e589a5cf96e52ffd0",
                "reference": "c4421fcac1edd5a324fda73e589a5cf96e52ffd0",
                "shasum": ""
            },
            "require": {
                "php": ">=5.3.0"
            },
            "type": "library",
            "extra": {
                "branch-alias": {
                    "dev-master": "1.1.x-dev"
                }
            },
            "autoload": {
                "psr-4": {
                    "Psr\\Log\\": "Psr/Log/"
                }
            },
            "notification-url": "https://packagist.org/downloads/",
            "license": [
                "MIT"
            ],
            "authors": [
                {
                    "name": "PHP-FIG",
                    "homepage": "http://www.php-fig.org/"
                }
            ],
            "description": "Common interface for logging libraries",
            "homepage": "https://github.com/php-fig/log",
            "keywords": [
                "log",
                "psr",
                "psr-3"
            ],
            "time": "2018-11-21T13:42:00+00:00"
        },
        {
            "name": "sendgrid/php-http-client",
            "version": "3.9.6",
            "source": {
                "type": "git",
                "url": "https://github.com/sendgrid/php-http-client.git",
                "reference": "e9a04d949ee2d19938ab83dc100933a3b41a8ec7"
            },
            "dist": {
                "type": "zip",
                "url": "https://api.github.com/repos/sendgrid/php-http-client/zipball/e9a04d949ee2d19938ab83dc100933a3b41a8ec7",
                "reference": "e9a04d949ee2d19938ab83dc100933a3b41a8ec7",
                "shasum": ""
            },
            "require": {
                "php": ">=5.6"
            },
            "require-dev": {
                "phpunit/phpunit": "~4.4",
                "squizlabs/php_codesniffer": "~2.0"
            },
            "type": "library",
            "autoload": {
                "psr-4": {
                    "SendGrid\\": "lib/"
                }
            },
            "notification-url": "https://packagist.org/downloads/",
            "license": [
                "MIT"
            ],
            "authors": [
                {
                    "name": "Matt Bernier",
                    "email": "dx@sendgrid.com"
                },
                {
                    "name": "Elmer Thomas",
                    "email": "elmer@thinkingserious.com"
                }
            ],
            "description": "HTTP REST client, simplified for PHP",
            "homepage": "http://github.com/sendgrid/php-http-client",
            "keywords": [
                "api",
                "fluent",
                "http",
                "rest",
                "sendgrid"
            ],
            "time": "2018-04-10T18:06:08+00:00"
        },
        {
            "name": "sendgrid/sendgrid",
            "version": "v7.x-dev",
            "source": {
                "type": "git",
                "url": "https://github.com/sendgrid/sendgrid-php.git",
                "reference": "883c3b98cace58d08fd4fe09e55f54d35e706eb5"
            },
            "dist": {
                "type": "zip",
                "url": "https://api.github.com/repos/sendgrid/sendgrid-php/zipball/883c3b98cace58d08fd4fe09e55f54d35e706eb5",
                "reference": "883c3b98cace58d08fd4fe09e55f54d35e706eb5",
                "shasum": ""
            },
            "require": {
                "ext-curl": "*",
                "ext-json": "*",
                "ext-mbstring": "*",
                "php": ">=5.6",
                "sendgrid/php-http-client": "~3.9"
            },
            "replace": {
                "sendgrid/sendgrid-php": "*"
            },
            "require-dev": {
                "phpunit/phpunit": "^5.7.9 || ^6.4.3",
                "squizlabs/php_codesniffer": "3.*",
                "swaggest/json-diff": "^3.4"
            },
            "type": "library",
            "autoload": {
                "psr-4": {
                    "SendGrid\\": "lib/",
                    "SendGrid\\Mail\\": "lib/mail/",
                    "SendGrid\\Contacts\\": "lib/contacts/",
                    "SendGrid\\Stats\\": "lib/stats/"
                },
                "files": [
                    "lib/SendGrid.php"
                ]
            },
            "notification-url": "https://packagist.org/downloads/",
            "license": [
                "MIT"
            ],
            "description": "This library allows you to quickly and easily send emails through SendGrid using PHP.",
            "homepage": "http://github.com/sendgrid/sendgrid-php",
            "keywords": [
                "email",
                "grid",
                "send",
                "sendgrid"
            ],
            "time": "2018-05-19T16:18:36+00:00"
        },
        {
            "name": "vanilla/garden-cli",
            "version": "v1.6.3",
            "source": {
                "type": "git",
                "url": "https://github.com/vanilla/garden-cli.git",
                "reference": "8d150135624e207750cf45be107c3b4ef820faf4"
            },
            "dist": {
                "type": "zip",
                "url": "https://api.github.com/repos/vanilla/garden-cli/zipball/8d150135624e207750cf45be107c3b4ef820faf4",
                "reference": "8d150135624e207750cf45be107c3b4ef820faf4",
                "shasum": ""
            },
            "require": {
                "php": ">=5.6.0"
            },
            "type": "library",
            "autoload": {
                "psr-4": {
                    "Garden\\Cli\\": "src"
                }
            },
            "notification-url": "https://packagist.org/downloads/",
            "license": [
                "MIT"
            ],
            "authors": [
                {
                    "name": "Todd Burry",
                    "email": "todd@vanillaforums.com"
                }
            ],
            "description": "A full-featured, yet ridiculously simple commandline parser for your next php cli script. Stop fighting with getopt().",
            "time": "2017-11-30T16:08:28+00:00"
        },
        {
            "name": "vanilla/garden-container",
            "version": "v2.0.2",
            "source": {
                "type": "git",
                "url": "https://github.com/vanilla/garden-container.git",
                "reference": "25f213022d41292c69425573c9bac98d9deb703e"
            },
            "dist": {
                "type": "zip",
                "url": "https://api.github.com/repos/vanilla/garden-container/zipball/25f213022d41292c69425573c9bac98d9deb703e",
                "reference": "25f213022d41292c69425573c9bac98d9deb703e",
                "shasum": ""
            },
            "require": {
                "php": ">=5.6.0",
                "psr/container": "^1.0"
            },
            "type": "library",
            "autoload": {
                "psr-4": {
                    "Garden\\Container\\": "src"
                }
            },
            "notification-url": "https://packagist.org/downloads/",
            "license": [
                "MIT"
            ],
            "authors": [
                {
                    "name": "Todd Burry",
                    "email": "todd@vanillaforums.com"
                }
            ],
            "description": "A dependency injection container.",
            "time": "2018-08-13T20:13:16+00:00"
        },
        {
            "name": "vanilla/garden-daemon",
            "version": "v1.1.9",
            "source": {
                "type": "git",
                "url": "https://github.com/vanilla/garden-daemon.git",
                "reference": "808061248712df0ffa52f8241eb0f2f37ddee2d9"
            },
            "dist": {
                "type": "zip",
                "url": "https://api.github.com/repos/vanilla/garden-daemon/zipball/808061248712df0ffa52f8241eb0f2f37ddee2d9",
                "reference": "808061248712df0ffa52f8241eb0f2f37ddee2d9",
                "shasum": ""
            },
            "require": {
                "php": ">=7.0",
                "psr/container": "^1.0",
                "psr/log": "~1.0",
                "vanilla/garden-cli": "^1.6"
            },
            "type": "library",
            "autoload": {
                "psr-4": {
                    "Garden\\Daemon\\": "src"
                }
            },
            "notification-url": "https://packagist.org/downloads/",
            "license": [
                "MIT"
            ],
            "authors": [
                {
                    "name": "Tim Gunter",
                    "email": "tim@vanillaforums.com"
                }
            ],
            "description": "A multi purpose forking daemon subsystem for long running PHP applications.",
            "time": "2018-01-30T18:53:19+00:00"
        },
        {
            "name": "vanilla/garden-http",
            "version": "v1.1.4",
            "source": {
                "type": "git",
                "url": "https://github.com/vanilla/garden-http.git",
                "reference": "020b7b117ef99decef062be0978fb8d292c3e06c"
            },
            "dist": {
                "type": "zip",
                "url": "https://api.github.com/repos/vanilla/garden-http/zipball/020b7b117ef99decef062be0978fb8d292c3e06c",
                "reference": "020b7b117ef99decef062be0978fb8d292c3e06c",
                "shasum": ""
            },
            "require": {
                "lib-curl": "*",
                "php": ">=5.4.0"
            },
            "require-dev": {
                "vanilla/garden": "dev-master"
            },
            "type": "library",
            "autoload": {
                "psr-4": {
                    "Garden\\Http\\": "src"
                }
            },
            "notification-url": "https://packagist.org/downloads/",
            "license": [
                "MIT"
            ],
            "authors": [
                {
                    "name": "Todd Burry",
                    "email": "todd@vanillaforums.com"
                }
            ],
            "description": "An unbloated HTTP client library for building RESTful API clients.",
            "time": "2019-06-03T21:18:24+00:00"
        }
    ],
    "packages-dev": [],
    "aliases": [],
    "minimum-stability": "dev",
    "stability-flags": [],
    "prefer-stable": false,
    "prefer-lowest": false,
    "platform": {
        "php": ">=7.0"
    },
    "platform-dev": []
}
