{
    "_readme": [
        "This file locks the dependencies of your project to a known state",
        "Read more about it at https://getcomposer.org/doc/01-basic-usage.md#composer-lock-the-lock-file",
        "This file is @generated automatically"
    ],
    "content-hash": "6c00eddbcc9476c2d15d266c65bba5d0",
    "packages": [
        {
            "name": "kaecyra/app-common",
            "version": "v1.1.5",
            "source": {
                "type": "git",
                "url": "https://github.com/kaecyra/app-common.git",
                "reference": "2f141faba6b43916e10159cc967e0e74efb2afa7"
            },
            "dist": {
                "type": "zip",
                "url": "https://api.github.com/repos/kaecyra/app-common/zipball/2f141faba6b43916e10159cc967e0e74efb2afa7",
                "reference": "2f141faba6b43916e10159cc967e0e74efb2afa7",
                "shasum": ""
            },
            "require": {
                "php": ">=7.0",
                "psr/container": "^1.0",
                "psr/log": "~1.0"
            },
            "type": "library",
            "autoload": {
                "psr-4": {
                    "Kaecyra\\AppCommon\\": "src"
                },
                "files": [
                    "src/map/functions.general.php"
                ]
            },
            "notification-url": "https://packagist.org/downloads/",
            "license": [
                "MIT"
            ],
            "authors": [
                {
                    "name": "Tim Gunter",
                    "email": "tim@vanillaforums.com",
                    "homepage": "https://vanillaforums.com"
                }
            ],
            "description": "Common app base.",
            "homepage": "https://github.com/kaecyra/app-common",
            "keywords": [
                "app-common"
            ],
            "time": "2018-03-05T15:54:16+00:00"
        },
        {
            "name": "mariano/disque-php",
            "version": "2.0.3",
            "source": {
                "type": "git",
                "url": "https://github.com/mariano/disque-php.git",
                "reference": "33dcf6f59e7b39b76205dfc881dd7674731f01c2"
            },
            "dist": {
                "type": "zip",
                "url": "https://api.github.com/repos/mariano/disque-php/zipball/33dcf6f59e7b39b76205dfc881dd7674731f01c2",
                "reference": "33dcf6f59e7b39b76205dfc881dd7674731f01c2",
                "shasum": ""
            },
            "require": {
                "php": ">=5.5"
            },
            "require-dev": {
                "mockery/mockery": "0.9.*",
                "phpunit/phpunit": "~4.6",
                "scrutinizer/ocular": "~1.1"
            },
            "type": "library",
            "autoload": {
                "psr-4": {
                    "Disque\\": "src/"
                }
            },
            "notification-url": "https://packagist.org/downloads/",
            "license": [
                "MIT"
            ],
            "authors": [
                {
                    "name": "Mariano Iglesias",
                    "email": "mgiglesias@gmail.com",
                    "homepage": "http://marianoiglesias.com.ar"
                }
            ],
            "description": "PHP library for Disque, an in-memory, distributed job queue",
            "homepage": "https://github.com/mariano/disque-php",
            "keywords": [
                "disque",
                "job",
                "queue"
            ],
            "time": "2017-02-16T22:49:19+00:00"
        },
        {
            "name": "psr/container",
            "version": "dev-master",
            "source": {
                "type": "git",
                "url": "https://github.com/php-fig/container.git",
                "reference": "2cc4a01788191489dc7459446ba832fa79a216a7"
            },
            "dist": {
                "type": "zip",
                "url": "https://api.github.com/repos/php-fig/container/zipball/2cc4a01788191489dc7459446ba832fa79a216a7",
                "reference": "2cc4a01788191489dc7459446ba832fa79a216a7",
                "shasum": ""
            },
            "require": {
                "php": ">=5.3.0"
            },
            "type": "library",
            "extra": {
                "branch-alias": {
                    "dev-master": "1.0.x-dev"
                }
            },
            "autoload": {
                "psr-4": {
                    "Psr\\Container\\": "src/"
                }
            },
            "notification-url": "https://packagist.org/downloads/",
            "license": [
                "MIT"
            ],
            "authors": [
                {
                    "name": "PHP-FIG",
                    "homepage": "http://www.php-fig.org/"
                }
            ],
            "description": "Common Container Interface (PHP FIG PSR-11)",
            "homepage": "https://github.com/php-fig/container",
            "keywords": [
                "PSR-11",
                "container",
                "container-interface",
                "container-interop",
                "psr"
            ],
            "time": "2017-06-28T15:35:32+00:00"
        },
        {
            "name": "psr/log",
            "version": "dev-master",
            "source": {
                "type": "git",
                "url": "https://github.com/php-fig/log.git",
                "reference": "3490ba5925e6dcbe6de950c5c6b8dce9f6e96eda"
            },
            "dist": {
                "type": "zip",
                "url": "https://api.github.com/repos/php-fig/log/zipball/3490ba5925e6dcbe6de950c5c6b8dce9f6e96eda",
                "reference": "3490ba5925e6dcbe6de950c5c6b8dce9f6e96eda",
                "shasum": ""
            },
            "require": {
                "php": ">=5.3.0"
            },
            "type": "library",
            "extra": {
                "branch-alias": {
                    "dev-master": "1.0.x-dev"
                }
            },
            "autoload": {
                "psr-4": {
                    "Psr\\Log\\": "Psr/Log/"
                }
            },
            "notification-url": "https://packagist.org/downloads/",
            "license": [
                "MIT"
            ],
            "authors": [
                {
                    "name": "PHP-FIG",
                    "homepage": "http://www.php-fig.org/"
                }
            ],
            "description": "Common interface for logging libraries",
            "homepage": "https://github.com/php-fig/log",
            "keywords": [
                "log",
                "psr",
                "psr-3"
            ],
            "time": "2018-04-03T15:59:15+00:00"
        },
        {
            "name": "vanilla/garden-cli",
            "version": "v1.6.3",
            "source": {
                "type": "git",
                "url": "https://github.com/vanilla/garden-cli.git",
                "reference": "8d150135624e207750cf45be107c3b4ef820faf4"
            },
            "dist": {
                "type": "zip",
                "url": "https://api.github.com/repos/vanilla/garden-cli/zipball/8d150135624e207750cf45be107c3b4ef820faf4",
                "reference": "8d150135624e207750cf45be107c3b4ef820faf4",
                "shasum": ""
            },
            "require": {
                "php": ">=5.6.0"
            },
            "type": "library",
            "autoload": {
                "psr-4": {
                    "Garden\\Cli\\": "src"
                }
            },
            "notification-url": "https://packagist.org/downloads/",
            "license": [
                "MIT"
            ],
            "authors": [
                {
                    "name": "Todd Burry",
                    "email": "todd@vanillaforums.com"
                }
            ],
            "description": "A full-featured, yet ridiculously simple commandline parser for your next php cli script. Stop fighting with getopt().",
            "time": "2017-11-30T16:08:28+00:00"
        },
        {
            "name": "vanilla/garden-container",
            "version": "v2.0.1",
            "source": {
                "type": "git",
                "url": "https://github.com/vanilla/garden-container.git",
                "reference": "df19515548ed619320a3214f15848f98a5592d15"
            },
            "dist": {
                "type": "zip",
                "url": "https://api.github.com/repos/vanilla/garden-container/zipball/df19515548ed619320a3214f15848f98a5592d15",
                "reference": "df19515548ed619320a3214f15848f98a5592d15",
                "shasum": ""
            },
            "require": {
                "php": ">=5.6.0",
                "psr/container": "^1.0"
            },
            "type": "library",
            "autoload": {
                "psr-4": {
                    "Garden\\Container\\": "src"
                }
            },
            "notification-url": "https://packagist.org/downloads/",
            "license": [
                "MIT"
            ],
            "authors": [
                {
                    "name": "Todd Burry",
                    "email": "todd@vanillaforums.com"
                }
            ],
            "description": "A dependency injection container.",
            "time": "2017-05-05T17:50:58+00:00"
        },
        {
            "name": "vanilla/garden-daemon",
            "version": "v1.1.9",
            "source": {
                "type": "git",
                "url": "https://github.com/vanilla/garden-daemon.git",
                "reference": "808061248712df0ffa52f8241eb0f2f37ddee2d9"
            },
            "dist": {
                "type": "zip",
                "url": "https://api.github.com/repos/vanilla/garden-daemon/zipball/808061248712df0ffa52f8241eb0f2f37ddee2d9",
                "reference": "808061248712df0ffa52f8241eb0f2f37ddee2d9",
                "shasum": ""
            },
            "require": {
                "php": ">=7.0",
                "psr/container": "^1.0",
                "psr/log": "~1.0",
                "vanilla/garden-cli": "^1.6"
            },
            "type": "library",
            "autoload": {
                "psr-4": {
                    "Garden\\Daemon\\": "src"
                }
            },
            "notification-url": "https://packagist.org/downloads/",
            "license": [
                "MIT"
            ],
            "authors": [
                {
                    "name": "Tim Gunter",
                    "email": "tim@vanillaforums.com"
                }
            ],
            "description": "A multi purpose forking daemon subsystem for long running PHP applications.",
            "time": "2018-01-30T18:53:19+00:00"
        },
        {
            "name": "vanilla/garden-db",
            "version": "v0.1.2",
            "source": {
                "type": "git",
                "url": "https://github.com/vanilla/garden-db.git",
                "reference": "f59c10a8720c431ba3899791b19b73b34ceaae91"
            },
            "dist": {
                "type": "zip",
                "url": "https://api.github.com/repos/vanilla/garden-db/zipball/f59c10a8720c431ba3899791b19b73b34ceaae91",
                "reference": "f59c10a8720c431ba3899791b19b73b34ceaae91",
                "shasum": ""
            },
            "require": {
                "php": ">=7.0",
                "vanilla/garden-schema": "^1.7.5"
            },
            "require-dev": {
                "bobthecow/faker": "dev-master"
            },
            "type": "library",
            "autoload": {
                "psr-4": {
                    "Garden\\Db\\": "src"
                }
            },
            "notification-url": "https://packagist.org/downloads/",
            "license": [
                "MIT"
            ],
            "authors": [
                {
                    "name": "Todd Burry",
                    "email": "todd@vanillaforums.com"
                }
            ],
            "description": "A light but powerful database abstraction layer.",
            "time": "2018-03-05T18:27:54+00:00"
        },
        {
            "name": "vanilla/garden-http",
            "version": "v1.1.3",
            "source": {
                "type": "git",
                "url": "https://github.com/vanilla/garden-http.git",
                "reference": "4eeb8b7e0f54f2403308b0c43804b611a6fd4e2a"
            },
            "dist": {
                "type": "zip",
                "url": "https://api.github.com/repos/vanilla/garden-http/zipball/4eeb8b7e0f54f2403308b0c43804b611a6fd4e2a",
                "reference": "4eeb8b7e0f54f2403308b0c43804b611a6fd4e2a",
                "shasum": ""
            },
            "require": {
                "lib-curl": "*",
                "php": ">=5.4.0"
            },
            "require-dev": {
                "vanilla/garden": "dev-master"
            },
            "type": "library",
            "autoload": {
                "psr-4": {
                    "Garden\\Http\\": "src"
                }
            },
            "notification-url": "https://packagist.org/downloads/",
            "license": [
                "MIT"
            ],
            "authors": [
                {
                    "name": "Todd Burry",
                    "email": "todd@vanillaforums.com"
                }
            ],
            "description": "An unbloated HTTP client library for building RESTful API clients.",
            "time": "2017-06-20T21:44:22+00:00"
        },
        {
            "name": "vanilla/garden-schema",
            "version": "v1.9",
            "source": {
                "type": "git",
                "url": "https://github.com/vanilla/garden-schema.git",
                "reference": "3370db6fe8a2987813a28e64e3afdf95cb3b9443"
            },
            "dist": {
                "type": "zip",
                "url": "https://api.github.com/repos/vanilla/garden-schema/zipball/3370db6fe8a2987813a28e64e3afdf95cb3b9443",
                "reference": "3370db6fe8a2987813a28e64e3afdf95cb3b9443",
                "shasum": ""
            },
            "require": {
                "php": ">=5.6.0"
            },
            "require-dev": {
                "phpunit/phpunit": "^6"
            },
            "type": "library",
            "autoload": {
                "psr-4": {
                    "Garden\\Schema\\": "src"
                }
            },
            "notification-url": "https://packagist.org/downloads/",
            "license": [
                "MIT"
            ],
            "authors": [
                {
                    "name": "Todd Burry",
                    "email": "todd@vanillaforums.com"
                }
            ],
            "description": "A simple data validation and cleaning library based on JSON Schema.",
            "time": "2018-06-26T20:36:25+00:00"
        },
        {
            "name": "vanilla/queue-interop",
            "version": "dev-master",
            "source": {
                "type": "git",
                "url": "https://github.com/vanilla/queue-interop.git",
                "reference": "b4ad707865e6f223e6756884ab1c8e9b90241b44"
            },
            "dist": {
                "type": "zip",
                "url": "https://api.github.com/repos/vanilla/queue-interop/zipball/b4ad707865e6f223e6756884ab1c8e9b90241b44",
                "reference": "b4ad707865e6f223e6756884ab1c8e9b90241b44",
                "shasum": ""
            },
            "require": {
                "php": ">=7.0",
                "psr/log": "^1.0",
                "vanilla/garden-db": "^0.1.0"
            },
            "type": "library",
            "autoload": {
                "psr-4": {
                    "Garden\\QueueInterop\\": "src"
                }
            },
            "notification-url": "https://packagist.org/downloads/",
            "license": [
                "MIT"
            ],
            "authors": [
                {
                    "name": "Tim Gunter",
                    "email": "tim@vanillaforums.com"
                }
            ],
            "description": "Queue interop.",
            "time": "2018-08-02T18:38:04+00:00"
        }
    ],
    "packages-dev": [],
    "aliases": [],
    "minimum-stability": "dev",
    "stability-flags": {
        "vanilla/queue-interop": 20
    },
    "prefer-stable": false,
    "prefer-lowest": false,
    "platform": {
        "php": ">=7.0"
    },
    "platform-dev": []
}
